{
  "nodes": {
    "firefox-addons": {
      "inputs": {
        "nixpkgs": [
          "nixpkgs"
        ]
      },
      "locked": {
        "dir": "pkgs/firefox-addons",
        "lastModified": 1780602100,
        "narHash": "sha256-KpOaVUfq1OTtOrs/YZ+8hu7FnPoQrJ1hBzYPIRAl2/U=",
        "owner": "rycee",
        "repo": "nur-expressions",
        "rev": "3ddd00078533ba81a245e8eb12d3254e1e898bcf",
        "type": "gitlab"
      },
      "original": {
        "dir": "pkgs/firefox-addons",
        "owner": "rycee",
        "repo": "nur-expressions",
        "type": "gitlab"
      }
    },
    "home-manager": {
      "inputs": {
        "nixpkgs": [
          "nixpkgs"
        ]
      },
      "locked": {
        "lastModified": 1780361225,
        "narHash": "sha256-wnV9ttf4fPWNonBIQmvlrSlNpQYgx5HgWWd007mwIFA=",
        "owner": "nix-community",
        "repo": "home-manager",
        "rev": "e28654b71096e08c019d4861ca26acb646f583d8",
        "type": "github"
      },
      "original": {
        "owner": "nix-community",
        "ref": "release-26.05",
        "repo": "home-manager",
        "type": "github"
      }
    },
    "i3blocks-contrib": {
      "flake": false,
      "locked": {
        "lastModified": 1773174991,
        "narHash": "sha256-yQjycV5h2wft+Qllxm0e3aYCzNNR/EW5wsAiIyHf1vs=",
        "owner": "hnefatl",
        "repo": "i3blocks-contrib",
        "rev": "a183f676daf9192d9f51744d9483d2d3061bea5e",
        "type": "github"
      },
      "original": {
        "owner": "hnefatl",
        "repo": "i3blocks-contrib",
        "type": "github"
      }
    },
    "nixpkgs": {
      "locked": {
        "lastModified": 1780453794,
        "narHash": "sha256-bXMRa9VTsHSPXL4Cw8R6JJLQeY3Y/IP4+YJCYVmQ7FY=",
        "owner": "nixos",
        "repo": "nixpkgs",
        "rev": "6b316287bae2ee04c9b93c8c858d930fd07d7338",
        "type": "github"
      },
      "original": {
        "owner": "nixos",
        "ref": "nixos-26.05",
        "repo": "nixpkgs",
        "type": "github"
      }
    },
    "nixpkgs-unstable": {
      "locked": {
        "lastModified": 1780601851,
        "narHash": "sha256-eGBptEbV7eebX35fJEY7XA7RxmFNan6/4/eDLqxws/A=",
        "owner": "nixos",
        "repo": "nixpkgs",
        "rev": "6cc3299c36a5ea4c30bebf6a8bdf5e0227848497",
        "type": "github"
      },
      "original": {
        "owner": "nixos",
        "repo": "nixpkgs",
        "type": "github"
      }
    },
    "root": {
      "inputs": {
        "firefox-addons": "firefox-addons",
        "home-manager": "home-manager",
        "i3blocks-contrib": "i3blocks-contrib",
        "nixpkgs": "nixpkgs",
        "nixpkgs-unstable": "nixpkgs-unstable"
      }
    }
  },
  "root": "root",
  "version": 7
}
