{
  "nodes": {
    "firefox-addons": {
      "inputs": {
        "nixpkgs": [
          "nixpkgs"
        ]
      },
      "locked": {
        "dir": "pkgs/firefox-addons",
        "lastModified": 1791447606,
        "narHash": "sha256-2hEMUL3Rp/Qs9pviC35I8zY1HlBSl2Xrv166Qtzt4a4=",
        "owner": "rycee",
        "repo": "nur-expressions",
        "rev": "feea9d3711e802bf3e1f79d13abaafc2f8816f12",
        "type": "gitlab"
      },
      "original": {
        "dir": "pkgs/firefox-addons",
        "owner": "rycee",
        "repo": "nur-expressions",
        "type": "gitlab"
      }
    },
    "home-manager": {
      "inputs": {
        "nixpkgs": [
          "nixpkgs"
        ]
      },
      "locked": {
        "lastModified": 1790996401,
        "narHash": "sha256-f+kOxEmOUnQazVAmGg0i8hzwgd1kX/geY+k/Dpheye8=",
        "owner": "nix-community",
        "repo": "home-manager",
        "rev": "db7d5e2332710f5abb088f6b5de927d7f9511b35",
        "type": "github"
      },
      "original": {
        "owner": "nix-community",
        "ref": "release-26.05",
        "repo": "home-manager",
        "type": "github"
      }
    },
    "i3blocks-contrib": {
      "flake": false,
      "locked": {
        "lastModified": 1773174991,
        "narHash": "sha256-yQjycV5h2wft+Qllxm0e3aYCzNNR/EW5wsAiIyHf1vs=",
        "owner": "hnefatl",
        "repo": "i3blocks-contrib",
        "rev": "a183f676daf9192d9f51744d9483d2d3061bea5e",
        "type": "github"
      },
      "original": {
        "owner": "hnefatl",
        "repo": "i3blocks-contrib",
        "type": "github"
      }
    },
    "nixpkgs": {
      "locked": {
        "lastModified": 1791426274,
        "narHash": "sha256-MWhktfFtFE8Jl7bf9Pkp7TR5MSdYCjCswSo0Gkb4ywc=",
        "owner": "nixos",
        "repo": "nixpkgs",
        "rev": "7c8764b7c7b09b34f632464276218ef9090eaa11",
        "type": "github"
      },
      "original": {
        "owner": "nixos",
        "ref": "nixos-26.05",
        "repo": "nixpkgs",
        "type": "github"
      }
    },
    "nixpkgs-unstable": {
      "locked": {
        "lastModified": 1791491242,
        "narHash": "sha256-jOoX7oVkpL5eCsj2Nbp9cE3K26kv6xpmhh4zSdhimgE=",
        "owner": "nixos",
        "repo": "nixpkgs",
        "rev": "8c0bdb22789032b9dc8ddfbef96c6270b8315b53",
        "type": "github"
      },
      "original": {
        "owner": "nixos",
        "repo": "nixpkgs",
        "type": "github"
      }
    },
    "root": {
      "inputs": {
        "firefox-addons": "firefox-addons",
        "home-manager": "home-manager",
        "i3blocks-contrib": "i3blocks-contrib",
        "nixpkgs": "nixpkgs",
        "nixpkgs-unstable": "nixpkgs-unstable"
      }
    }
  },
  "root": "root",
  "version": 7
}
